
Microsoft Visual Studio Solution File, Format Version 12.00
# Visual Studio Version 16
VisualStudioVersion = 16.0.30711.63
MinimumVisualStudioVersion = 10.0.40219.1
Project("{FAE04EC0-301F-11D3-BF4B-00C04F79EFBC}") = "SirketProje", "SirketProje\SirketProje.csproj", "{AD6B7C4D-E028-4218-B1E1-841B11BBDDCD}"
EndProject
Global
	GlobalSection(SolutionConfigurationPlatforms) = preSolution
		Debug|Any CPU = Debug|Any CPU
		Release|Any CPU = Release|Any CPU
	EndGlobalSection
	GlobalSection(ProjectConfigurationPlatforms) = postSolution
		{AD6B7C4D-E028-4218-B1E1-841B11BBDDCD}.Debug|Any CPU.ActiveCfg = Debug|Any CPU
		{AD6B7C4D-E028-4218-B1E1-841B11BBDDCD}.Debug|Any CPU.Build.0 = Debug|Any CPU
		{AD6B7C4D-E028-4218-B1E1-841B11BBDDCD}.Release|Any CPU.ActiveCfg = Release|Any CPU
		{AD6B7C4D-E028-4218-B1E1-841B11BBDDCD}.Release|Any CPU.Build.0 = Release|Any CPU
	EndGlobalSection
	GlobalSection(SolutionProperties) = preSolution
		HideSolutionNode = FALSE
	EndGlobalSection
	GlobalSection(ExtensibilityGlobals) = postSolution
		SolutionGuid = {4C739C80-C594-4EBB-AB57-6553CEA26197}
	EndGlobalSection
EndGlobal
